
Microsoft Visual Studio Solution File, Format Version 12.00
# Visual Studio Version 17
VisualStudioVersion = 17.6.33606.364
MinimumVisualStudioVersion = 10.0.40219.1
Project("{778DAE3C-4631-46EA-AA77-85C1314464D9}") = "SpaceInvaders", "SpaceInvaders\SpaceInvaders.vbproj", "{8A49CEE6-FB5F-403E-B6D9-2D09E6D90A21}"
EndProject
Project("{2150E333-8FDC-42A3-9474-1A3956D46DE8}") = "Solution Items", "Solution Items", "{CA449E66-0C9B-4F3A-AB37-3B26FA0882BA}"
	ProjectSection(SolutionItems) = preProject
		README.md = README.md
	EndProjectSection
EndProject
Project("{F184B08F-C81C-45F6-A57F-5ABD9991F28F}") = "SpaceInvaders.Avalonia", "SpaceInvaders.Avalonia\SpaceInvaders.Avalonia.vbproj", "{4E7BD597-21E1-40A0-BC2C-886F31C3431C}"
EndProject
Project("{F184B08F-C81C-45F6-A57F-5ABD9991F28F}") = "SpaceInvaders.Web", "SpaceInvaders.Web\SpaceInvaders.Web.vbproj", "{93FF633A-E1AC-45B0-B992-BE1755308E2D}"
EndProject
Project("{F184B08F-C81C-45F6-A57F-5ABD9991F28F}") = "SpaceInvaders.Desktop", "SpaceInvaders.Desktop\SpaceInvaders.Desktop.vbproj", "{04E21874-59D1-42A7-BB6E-5414D15BE14E}"
EndProject
Global
	GlobalSection(SolutionConfigurationPlatforms) = preSolution
		Debug|Any CPU = Debug|Any CPU
		Release|Any CPU = Release|Any CPU
	EndGlobalSection
	GlobalSection(ProjectConfigurationPlatforms) = postSolution
		{8A49CEE6-FB5F-403E-B6D9-2D09E6D90A21}.Debug|Any CPU.ActiveCfg = Debug|Any CPU
		{8A49CEE6-FB5F-403E-B6D9-2D09E6D90A21}.Debug|Any CPU.Build.0 = Debug|Any CPU
		{8A49CEE6-FB5F-403E-B6D9-2D09E6D90A21}.Release|Any CPU.ActiveCfg = Release|Any CPU
		{8A49CEE6-FB5F-403E-B6D9-2D09E6D90A21}.Release|Any CPU.Build.0 = Release|Any CPU
		{4E7BD597-21E1-40A0-BC2C-886F31C3431C}.Debug|Any CPU.ActiveCfg = Debug|Any CPU
		{4E7BD597-21E1-40A0-BC2C-886F31C3431C}.Debug|Any CPU.Build.0 = Debug|Any CPU
		{4E7BD597-21E1-40A0-BC2C-886F31C3431C}.Release|Any CPU.ActiveCfg = Release|Any CPU
		{4E7BD597-21E1-40A0-BC2C-886F31C3431C}.Release|Any CPU.Build.0 = Release|Any CPU
		{93FF633A-E1AC-45B0-B992-BE1755308E2D}.Debug|Any CPU.ActiveCfg = Debug|Any CPU
		{93FF633A-E1AC-45B0-B992-BE1755308E2D}.Debug|Any CPU.Build.0 = Debug|Any CPU
		{93FF633A-E1AC-45B0-B992-BE1755308E2D}.Release|Any CPU.ActiveCfg = Release|Any CPU
		{93FF633A-E1AC-45B0-B992-BE1755308E2D}.Release|Any CPU.Build.0 = Release|Any CPU
		{04E21874-59D1-42A7-BB6E-5414D15BE14E}.Debug|Any CPU.ActiveCfg = Debug|Any CPU
		{04E21874-59D1-42A7-BB6E-5414D15BE14E}.Debug|Any CPU.Build.0 = Debug|Any CPU
		{04E21874-59D1-42A7-BB6E-5414D15BE14E}.Release|Any CPU.ActiveCfg = Release|Any CPU
		{04E21874-59D1-42A7-BB6E-5414D15BE14E}.Release|Any CPU.Build.0 = Release|Any CPU
	EndGlobalSection
	GlobalSection(SolutionProperties) = preSolution
		HideSolutionNode = FALSE
	EndGlobalSection
	GlobalSection(ExtensibilityGlobals) = postSolution
		SolutionGuid = {8045BF50-B485-4936-AFDB-F0EDDA891CA7}
	EndGlobalSection
EndGlobal
